// !$*UTF8*$!
{
	archiveVersion = 1;
	classes = {
	};
	objectVersion = 46;
	objects = {

/* Begin PBXBuildFile section */
		204B7C261C7A450B00AC1351 /* AppDelegate.swift in Sources */ = {isa = PBXBuildFile; fileRef = 204B7C251C7A450B00AC1351 /* AppDelegate.swift */; };
		204B7C281C7A450B00AC1351 /* ViewController.swift in Sources */ = {isa = PBXBuildFile; fileRef = 204B7C271C7A450B00AC1351 /* ViewController.swift */; };
		204B7C2B1C7A450B00AC1351 /* Main.storyboard in Resources */ = {isa = PBXBuildFile; fileRef = 204B7C291C7A450B00AC1351 /* Main.storyboard */; };
		204B7C2D1C7A450B00AC1351 /* Assets.xcassets in Resources */ = {isa = PBXBuildFile; fileRef = 204B7C2C1C7A450B00AC1351 /* Assets.xcassets */; };
		204B7C301C7A450B00AC1351 /* LaunchScreen.storyboard in Resources */ = {isa = PBXBuildFile; fileRef = 204B7C2E1C7A450B00AC1351 /* LaunchScreen.storyboard */; };
/* End PBXBuildFile section */

/* Begin PBXFileReference section */
		204B7C221C7A450B00AC1351 /* BooYaTerminal.app */ = {isa = PBXFileReference; explicitFileType = wrapper.application; includeInIndex = 0; path = BooYaTerminal.app; sourceTree = BUILT_PRODUCTS_DIR; };
		204B7C251C7A450B00AC1351 /* AppDelegate.swift */ = {isa = PBXFileReference; lastKnownFileType = sourcecode.swift; path = AppDelegate.swift; sourceTree = "<group>"; };
		204B7C271C7A450B00AC1351 /* ViewController.swift */ = {isa = PBXFileReference; lastKnownFileType = sourcecode.swift; path = ViewController.swift; sourceTree = "<group>"; };
		204B7C2A1C7A450B00AC1351 /* Base */ = {isa = PBXFileReference; lastKnownFileType = file.storyboard; name = Base; path = Base.lproj/Main.storyboard; sourceTree = "<group>"; };
		204B7C2C1C7A450B00AC1351 /* Assets.xcassets */ = {isa = PBXFileReference; lastKnownFileType = folder.assetcatalog; path = Assets.xcassets; sourceTree = "<group>"; };
		204B7C2F1C7A450B00AC1351 /* Base */ = {isa = PBXFileReference; lastKnownFileType = file.storyboard; name = Base; path = Base.lproj/LaunchScreen.storyboard; sourceTree = "<group>"; };
		204B7C311C7A450B00AC1351 /* Info.plist */ = {isa = PBXFileReference; lastKnownFileType = text.plist.xml; path = Info.plist; sourceTree = "<group>"; };
/* End PBXFileReference section */

/* Begin PBXFrameworksBuildPhase section */
		204B7C1F1C7A450B00AC1351 /* Frameworks */ = {
			isa = PBXFrameworksBuildPhase;
			buildActionMask = 2147483647;
			files = (
			);
			runOnlyForDeploymentPostprocessing = 0;
		};
/* End PBXFrameworksBuildPhase section */

/* Begin PBXGroup section */
		204B7C191C7A450B00AC1351 = {
			isa = PBXGroup;
			children = (
				204B7C241C7A450B00AC1351 /* BooYaTerminal */,
				204B7C231C7A450B00AC1351 /* Products */,
			);
			sourceTree = "<group>";
		};
		204B7C231C7A450B00AC1351 /* Products */ = {
			isa = PBXGroup;
			children = (
				204B7C221C7A450B00AC1351 /* BooYaTerminal.app */,
			);
			name = Products;
			sourceTree = "<group>";
		};
		204B7C241C7A450B00AC1351 /* BooYaTerminal */ = {
			isa = PBXGroup;
			children = (
				204B7C251C7A450B00AC1351 /* AppDelegate.swift */,
				204B7C271C7A450B00AC1351 /* ViewController.swift */,
				204B7C291C7A450B00AC1351 /* Main.storyboard */,
				204B7C2C1C7A450B00AC1351 /* Assets.xcassets */,
				204B7C2E1C7A450B00AC1351 /* LaunchScreen.storyboard */,
				204B7C311C7A450B00AC1351 /* Info.plist */,
			);
			path = BooYaTerminal;
			sourceTree = "<group>";
		};
/* End PBXGroup section */

/* Begin PBXNativeTarget section */
		204B7C211C7A450B00AC1351 /* BooYaTerminal */ = {
			isa = PBXNativeTarget;
			buildConfigurationList = 204B7C341C7A450B00AC1351 /* Build configuration list for PBXNativeTarget "BooYaTerminal" */;
			buildPhases = (
				204B7C1E1C7A450B00AC1351 /* Sources */,
				204B7C1F1C7A450B00AC1351 /* Frameworks */,
				204B7C201C7A450B00AC1351 /* Resources */,
			);
			buildRules = (
			);
			dependencies = (
			);
			name = BooYaTerminal;
			productName = BooYaTerminal;
			productReference = 204B7C221C7A450B00AC1351 /* BooYaTerminal.app */;
			productType = "com.apple.product-type.application";
		};
/* End PBXNativeTarget section */

/* Begin PBXProject section */
		204B7C1A1C7A450B00AC1351 /* Project object */ = {
			isa = PBXProject;
			attributes = {
				LastSwiftUpdateCheck = 0720;
				LastUpgradeCheck = 0720;
				ORGANIZATIONNAME = "Stuart Hoffman";
				TargetAttributes = {
					204B7C211C7A450B00AC1351 = {
						CreatedOnToolsVersion = 7.2.1;
					};
				};
			};
			buildConfigurationList = 204B7C1D1C7A450B00AC1351 /* Build configuration list for PBXProject "BooYaTerminal" */;
			compatibilityVersion = "Xcode 3.2";
			developmentRegion = English;
			hasScannedForEncodings = 0;
			knownRegions = (
				en,
				Base,
			);
			mainGroup = 204B7C191C7A450B00AC1351;
			productRefGroup = 204B7C231C7A450B00AC1351 /* Products */;
			projectDirPath = "";
			projectRoot = "";
			targets = (
				204B7C211C7A450B00AC1351 /* BooYaTerminal */,
			);
		};
/* End PBXProject section */

/* Begin PBXResourcesBuildPhase section */
		204B7C201C7A450B00AC1351 /* Resources */ = {
			isa = PBXResourcesBuildPhase;
			buildActionMask = 2147483647;
			files = (
				204B7C301C7A450B00AC1351 /* LaunchScreen.storyboard in Resources */,
				204B7C2D1C7A450B00AC1351 /* Assets.xcassets in Resources */,
				204B7C2B1C7A450B00AC1351 /* Main.storyboard in Resources */,
			);
			runOnlyForDeploymentPostprocessing = 0;
		};
/* End PBXResourcesBuildPhase section */

/* Begin PBXSourcesBuildPhase section */
		204B7C1E1C7A450B00AC1351 /* Sources */ = {
			isa = PBXSourcesBuildPhase;
			buildActionMask = 2147483647;
			files = (
				204B7C281C7A450B00AC1351 /* ViewController.swift in Sources */,
				204B7C261C7A450B00AC1351 /* AppDelegate.swift in Sources */,
			);
			runOnlyForDeploymentPostprocessing = 0;
		};
/* End PBXSourcesBuildPhase section */

/* Begin PBXVariantGroup section */
		204B7C291C7A450B00AC1351 /* Main.storyboard */ = {
			isa = PBXVariantGroup;
			children = (
				204B7C2A1C7A450B00AC1351 /* Base */,
			);
			name = Main.storyboard;
			sourceTree = "<group>";
		};
		204B7C2E1C7A450B00AC1351 /* LaunchScreen.storyboard */ = {
			isa = PBXVariantGroup;
			children = (
				204B7C2F1C7A450B00AC1351 /* Base */,
			);
			name = LaunchScreen.storyboard;
			sourceTree = "<group>";
		};
/* End PBXVariantGroup section */

/* Begin XCBuildConfiguration section */
		204B7C321C7A450B00AC1351 /* Debug */ = {
			isa = XCBuildConfiguration;
			buildSettings = {
				ALWAYS_SEARCH_USER_PATHS = NO;
				CLANG_CXX_LANGUAGE_STANDARD = "gnu++0x";
				CLANG_CXX_LIBRARY = "libc++";
				CLANG_ENABLE_MODULES = YES;
				CLANG_ENABLE_OBJC_ARC = YES;
				CLANG_WARN_BOOL_CONVERSION = YES;
				CLANG_WARN_CONSTANT_CONVERSION = YES;
				CLANG_WARN_DIRECT_OBJC_ISA_USAGE = YES_ERROR;
				CLANG_WARN_EMPTY_BODY = YES;
				CLANG_WARN_ENUM_CONVERSION = YES;
				CLANG_WARN_INT_CONVERSION = YES;
				CLANG_WARN_OBJC_ROOT_CLASS = YES_ERROR;
				CLANG_WARN_UNREACHABLE_CODE = YES;
				CLANG_WARN__DUPLICATE_METHOD_MATCH = YES;
				"CODE_SIGN_IDENTITY[sdk=iphoneos*]" = "iPhone Developer";
				COPY_PHASE_STRIP = NO;
				DEBUG_INFORMATION_FORMAT = dwarf;
				ENABLE_STRICT_OBJC_MSGSEND = YES;
				ENABLE_TESTABILITY = YES;
				GCC_C_LANGUAGE_STANDARD = gnu99;
				GCC_DYNAMIC_NO_PIC = NO;
				GCC_NO_COMMON_BLOCKS = YES;
				GCC_OPTIMIZATION_LEVEL = 0;
				GCC_PREPROCESSOR_DEFINITIONS = (
					"DEBUG=1",
					"$(inherited)",
				);
				GCC_WARN_64_TO_32_BIT_CONVERSION = YES;
				GCC_WARN_ABOUT_RETURN_TYPE = YES_ERROR;
				GCC_WARN_UNDECLARED_SELECTOR = YES;
				GCC_WARN_UNINITIALIZED_AUTOS = YES_AGGRESSIVE;
				GCC_WARN_UNUSED_FUNCTION = YES;
				GCC_WARN_UNUSED_VARIABLE = YES;
				IPHONEOS_DEPLOYMENT_TARGET = 9.2;
				MTL_ENABLE_DEBUG_INFO = YES;
				ONLY_ACTIVE_ARCH = YES;
				SDKROOT = iphoneos;
				SWIFT_OPTIMIZATION_LEVEL = "-Onone";
			};
			name = Debug;
		};
		204B7C331C7A450B00AC1351 /* Release */ = {
			isa = XCBuildConfiguration;
			buildSettings = {
				ALWAYS_SEARCH_USER_PATHS = NO;
				CLANG_CXX_LANGUAGE_STANDARD = "gnu++0x";
				CLANG_CXX_LIBRARY = "libc++";
				CLANG_ENABLE_MODULES = YES;
				CLANG_ENABLE_OBJC_ARC = YES;
				CLANG_WARN_BOOL_CONVERSION = YES;
				CLANG_WARN_CONSTANT_CONVERSION = YES;
				CLANG_WARN_DIRECT_OBJC_ISA_USAGE = YES_ERROR;
				CLANG_WARN_EMPTY_BODY = YES;
				CLANG_WARN_ENUM_CONVERSION = YES;
				CLANG_WARN_INT_CONVERSION = YES;
				CLANG_WARN_OBJC_ROOT_CLASS = YES_ERROR;
				CLANG_WARN_UNREACHABLE_CODE = YES;
				CLANG_WARN__DUPLICATE_METHOD_MATCH = YES;
				"CODE_SIGN_IDENTITY[sdk=iphoneos*]" = "iPhone Developer";
				COPY_PHASE_STRIP = NO;
				DEBUG_INFORMATION_FORMAT = "dwarf-with-dsym";
				ENABLE_NS_ASSERTIONS = NO;
				ENABLE_STRICT_OBJC_MSGSEND = YES;
				GCC_C_LANGUAGE_STANDARD = gnu99;
				GCC_NO_COMMON_BLOCKS = YES;
				GCC_WARN_64_TO_32_BIT_CONVERSION = YES;
				GCC_WARN_ABOUT_RETURN_TYPE = YES_ERROR;
				GCC_WARN_UNDECLARED_SELECTOR = YES;
				GCC_WARN_UNINITIALIZED_AUTOS = YES_AGGRESSIVE;
				GCC_WARN_UNUSED_FUNCTION = YES;
				GCC_WARN_UNUSED_VARIABLE = YES;
				IPHONEOS_DEPLOYMENT_TARGET = 9.2;
				MTL_ENABLE_DEBUG_INFO = NO;
				SDKROOT = iphoneos;
				VALIDATE_PRODUCT = YES;
			};
			name = Release;
		};
		204B7C351C7A450B00AC1351 /* Debug */ = {
			isa = XCBuildConfiguration;
			buildSettings = {
				ASSETCATALOG_COMPILER_APPICON_NAME = AppIcon;
				INFOPLIST_FILE = BooYaTerminal/Info.plist;
				LD_RUNPATH_SEARCH_PATHS = "$(inherited) @executable_path/Frameworks";
				PRODUCT_BUNDLE_IDENTIFIER = com.hoffman.BooYaTerminal;
				PRODUCT_NAME = "$(TARGET_NAME)";
			};
			name = Debug;
		};
		204B7C361C7A450B00AC1351 /* Release */ = {
			isa = XCBuildConfiguration;
			buildSettings = {
				ASSETCATALOG_COMPILER_APPICON_NAME = AppIcon;
				INFOPLIST_FILE = BooYaTerminal/Info.plist;
				LD_RUNPATH_SEARCH_PATHS = "$(inherited) @executable_path/Frameworks";
				PRODUCT_BUNDLE_IDENTIFIER = com.hoffman.BooYaTerminal;
				PRODUCT_NAME = "$(TARGET_NAME)";
			};
			name = Release;
		};
/* End XCBuildConfiguration section */

/* Begin XCConfigurationList section */
		204B7C1D1C7A450B00AC1351 /* Build configuration list for PBXProject "BooYaTerminal" */ = {
			isa = XCConfigurationList;
			buildConfigurations = (
				204B7C321C7A450B00AC1351 /* Debug */,
				204B7C331C7A450B00AC1351 /* Release */,
			);
			defaultConfigurationIsVisible = 0;
			defaultConfigurationName = Release;
		};
		204B7C341C7A450B00AC1351 /* Build configuration list for PBXNativeTarget "BooYaTerminal" */ = {
			isa = XCConfigurationList;
			buildConfigurations = (
				204B7C351C7A450B00AC1351 /* Debug */,
				204B7C361C7A450B00AC1351 /* Release */,
			);
			defaultConfigurationIsVisible = 0;
		};
/* End XCConfigurationList section */
	};
	rootObject = 204B7C1A1C7A450B00AC1351 /* Project object */;
}
